# This file is generated by running "yarn install" inside your project.
# Manual changes might be lost - proceed with caution!

__metadata:
  version: 8
  cacheKey: 10c0

"@cc-foundry/dev-tools@workspace:.":
  version: 0.0.0-use.local
  resolution: "@cc-foundry/dev-tools@workspace:."
  dependencies:
    "@mozilla/readability": "npm:^0.6.0"
    "@types/fs-extra": "npm:^11.0.4"
    "@types/node": "npm:^25.1.0"
    "@types/turndown": "npm:^5.0.6"
    citty: "npm:^0.2.0"
    consola: "npm:^3.4.2"
    fs-extra: "npm:^11.3.3"
    linkedom: "npm:^0.18.12"
    turndown: "npm:^7.2.2"
    typescript: "npm:^5.9.3"
  bin:
    foundry-tools: ./src/index.ts
  languageName: unknown
  linkType: soft

"@mixmark-io/domino@npm:^2.2.0":
  version: 2.2.0
  resolution: "@mixmark-io/domino@npm:2.2.0"
  checksum: 10c0/aa468a15f9217d425220fe6a4b3f9416cbe8e566ee14efc191c6d5cc04fe39338b16a90bbac190f28d44e69465db5f2cf95f479c621ce38060ca6b2a3d346e9d
  languageName: node
  linkType: hard

"@mozilla/readability@npm:^0.6.0":
  version: 0.6.0
  resolution: "@mozilla/readability@npm:0.6.0"
  checksum: 10c0/05c0fdb837f6bddd307b9dbc396538cdf17ab6a0d3bec96971c2dfc079737fb7ab830a0797c5fad3d66db71cb9c305d8e05fe68d9b7eb0be951d4b802e43e588
  languageName: node
  linkType: hard

"@types/fs-extra@npm:^11.0.4":
  version: 11.0.4
  resolution: "@types/fs-extra@npm:11.0.4"
  dependencies:
    "@types/jsonfile": "npm:*"
    "@types/node": "npm:*"
  checksum: 10c0/9e34f9b24ea464f3c0b18c3f8a82aefc36dc524cc720fc2b886e5465abc66486ff4e439ea3fb2c0acebf91f6d3f74e514f9983b1f02d4243706bdbb7511796ad
  languageName: node
  linkType: hard

"@types/jsonfile@npm:*":
  version: 6.1.4
  resolution: "@types/jsonfile@npm:6.1.4"
  dependencies:
    "@types/node": "npm:*"
  checksum: 10c0/b12d068b021e4078f6ac4441353965769be87acf15326173e2aea9f3bf8ead41bd0ad29421df5bbeb0123ec3fc02eb0a734481d52903704a1454a1845896b9eb
  languageName: node
  linkType: hard

"@types/node@npm:*, @types/node@npm:^25.1.0":
  version: 25.1.0
  resolution: "@types/node@npm:25.1.0"
  dependencies:
    undici-types: "npm:~7.16.0"
  checksum: 10c0/5f393a127dc9565e2e152514a271455d580c7095afc51302e73ffe8aac3526b64ebacc3c10dd40c93cef81a95436ef2c6a8b522930df567a3f6b189c0eef649a
  languageName: node
  linkType: hard

"@types/turndown@npm:^5.0.6":
  version: 5.0.6
  resolution: "@types/turndown@npm:5.0.6"
  checksum: 10c0/cc5648c115b67ba413782fd0a8ae273ad6b87940df770ab9a5fefe0303c368704013fca2a55dd08f46a2132a747912fd47f96a83162c47fd189babf1352ac4be
  languageName: node
  linkType: hard

"boolbase@npm:^1.0.0":
  version: 1.0.0
  resolution: "boolbase@npm:1.0.0"
  checksum: 10c0/e4b53deb4f2b85c52be0e21a273f2045c7b6a6ea002b0e139c744cb6f95e9ec044439a52883b0d74dedd1ff3da55ed140cfdddfed7fb0cccbed373de5dce1bcf
  languageName: node
  linkType: hard

"citty@npm:^0.2.0":
  version: 0.2.0
  resolution: "citty@npm:0.2.0"
  checksum: 10c0/da72051262ec0e0390dc9800e16bae72a5c85d61982e4f74e3c502d08a3099428964405eb1b4cdc07a7fd5658f78db97c0111c503cde592a41e75a299ac45fb5
  languageName: node
  linkType: hard

"consola@npm:^3.4.2":
  version: 3.4.2
  resolution: "consola@npm:3.4.2"
  checksum: 10c0/7cebe57ecf646ba74b300bcce23bff43034ed6fbec9f7e39c27cee1dc00df8a21cd336b466ad32e304ea70fba04ec9e890c200270de9a526ce021ba8a7e4c11a
  languageName: node
  linkType: hard

"css-select@npm:^5.1.0":
  version: 5.2.2
  resolution: "css-select@npm:5.2.2"
  dependencies:
    boolbase: "npm:^1.0.0"
    css-what: "npm:^6.1.0"
    domhandler: "npm:^5.0.2"
    domutils: "npm:^3.0.1"
    nth-check: "npm:^2.0.1"
  checksum: 10c0/d79fffa97106007f2802589f3ed17b8c903f1c961c0fc28aa8a051eee0cbad394d8446223862efd4c1b40445a6034f626bb639cf2035b0bfc468544177593c99
  languageName: node
  linkType: hard

"css-what@npm:^6.1.0":
  version: 6.2.2
  resolution: "css-what@npm:6.2.2"
  checksum: 10c0/91e24c26fb977b4ccef30d7007d2668c1c10ac0154cc3f42f7304410e9594fb772aea4f30c832d2993b132ca8d99338050866476210316345ec2e7d47b248a56
  languageName: node
  linkType: hard

"cssom@npm:^0.5.0":
  version: 0.5.0
  resolution: "cssom@npm:0.5.0"
  checksum: 10c0/8c4121c243baf0678c65dcac29b201ff0067dfecf978de9d5c83b2ff127a8fdefd2bfd54577f5ad8c80ed7d2c8b489ae01c82023545d010c4ecb87683fb403dd
  languageName: node
  linkType: hard

"dom-serializer@npm:^2.0.0":
  version: 2.0.0
  resolution: "dom-serializer@npm:2.0.0"
  dependencies:
    domelementtype: "npm:^2.3.0"
    domhandler: "npm:^5.0.2"
    entities: "npm:^4.2.0"
  checksum: 10c0/d5ae2b7110ca3746b3643d3ef60ef823f5f078667baf530cec096433f1627ec4b6fa8c072f09d079d7cda915fd2c7bc1b7b935681e9b09e591e1e15f4040b8e2
  languageName: node
  linkType: hard

"domelementtype@npm:^2.3.0":
  version: 2.3.0
  resolution: "domelementtype@npm:2.3.0"
  checksum: 10c0/686f5a9ef0fff078c1412c05db73a0dce096190036f33e400a07e2a4518e9f56b1e324f5c576a0a747ef0e75b5d985c040b0d51945ce780c0dd3c625a18cd8c9
  languageName: node
  linkType: hard

"domhandler@npm:^5.0.2, domhandler@npm:^5.0.3":
  version: 5.0.3
  resolution: "domhandler@npm:5.0.3"
  dependencies:
    domelementtype: "npm:^2.3.0"
  checksum: 10c0/bba1e5932b3e196ad6862286d76adc89a0dbf0c773e5ced1eb01f9af930c50093a084eff14b8de5ea60b895c56a04d5de8bbc4930c5543d029091916770b2d2a
  languageName: node
  linkType: hard

"domutils@npm:^3.0.1, domutils@npm:^3.2.2":
  version: 3.2.2
  resolution: "domutils@npm:3.2.2"
  dependencies:
    dom-serializer: "npm:^2.0.0"
    domelementtype: "npm:^2.3.0"
    domhandler: "npm:^5.0.3"
  checksum: 10c0/47938f473b987ea71cd59e59626eb8666d3aa8feba5266e45527f3b636c7883cca7e582d901531961f742c519d7514636b7973353b648762b2e3bedbf235fada
  languageName: node
  linkType: hard

"entities@npm:^4.2.0":
  version: 4.5.0
  resolution: "entities@npm:4.5.0"
  checksum: 10c0/5b039739f7621f5d1ad996715e53d964035f75ad3b9a4d38c6b3804bb226e282ffeae2443624d8fdd9c47d8e926ae9ac009c54671243f0c3294c26af7cc85250
  languageName: node
  linkType: hard

"entities@npm:^7.0.1":
  version: 7.0.1
  resolution: "entities@npm:7.0.1"
  checksum: 10c0/b4fb9937bb47ecb00aaaceb9db9cdd1cc0b0fb649c0e843d05cf5dbbd2e9d2df8f98721d8b1b286445689c72af7b54a7242fc2d63ef7c9739037a8c73363e7ca
  languageName: node
  linkType: hard

"fs-extra@npm:^11.3.3":
  version: 11.3.3
  resolution: "fs-extra@npm:11.3.3"
  dependencies:
    graceful-fs: "npm:^4.2.0"
    jsonfile: "npm:^6.0.1"
    universalify: "npm:^2.0.0"
  checksum: 10c0/984924ff4104e3e9f351b658a864bf3b354b2c90429f57aec0acd12d92c4e6b762cbacacdffb4e745b280adce882e1f980c485d9f02c453f769ab4e7fc646ce3
  languageName: node
  linkType: hard

"graceful-fs@npm:^4.1.6, graceful-fs@npm:^4.2.0":
  version: 4.2.11
  resolution: "graceful-fs@npm:4.2.11"
  checksum: 10c0/386d011a553e02bc594ac2ca0bd6d9e4c22d7fa8cfbfc448a6d148c59ea881b092db9dbe3547ae4b88e55f1b01f7c4a2ecc53b310c042793e63aa44cf6c257f2
  languageName: node
  linkType: hard

"html-escaper@npm:^3.0.3":
  version: 3.0.3
  resolution: "html-escaper@npm:3.0.3"
  checksum: 10c0/a042fa4139127ff7546513e90ea39cc9161a1938ce90122dbc4260d4b7252c9aa8452f4509c0c2889901b8ae9a8699179150f1f99d3f80bcf7317573c5f08f4e
  languageName: node
  linkType: hard

"htmlparser2@npm:^10.0.0":
  version: 10.1.0
  resolution: "htmlparser2@npm:10.1.0"
  dependencies:
    domelementtype: "npm:^2.3.0"
    domhandler: "npm:^5.0.3"
    domutils: "npm:^3.2.2"
    entities: "npm:^7.0.1"
  checksum: 10c0/36394e29b80cfcc5e78e0fa4d3aa21fdaac3e6778d23e5c933e625c290987cd9a724a2eb0753ab60ed0c69dfaba0ab115f0ee50fb112fd8f0c4d522e7e0089a2
  languageName: node
  linkType: hard

"jsonfile@npm:^6.0.1":
  version: 6.2.0
  resolution: "jsonfile@npm:6.2.0"
  dependencies:
    graceful-fs: "npm:^4.1.6"
    universalify: "npm:^2.0.0"
  dependenciesMeta:
    graceful-fs:
      optional: true
  checksum: 10c0/7f4f43b08d1869ded8a6822213d13ae3b99d651151d77efd1557ced0889c466296a7d9684e397bd126acf5eb2cfcb605808c3e681d0fdccd2fe5a04b47e76c0d
  languageName: node
  linkType: hard

"linkedom@npm:^0.18.12":
  version: 0.18.12
  resolution: "linkedom@npm:0.18.12"
  dependencies:
    css-select: "npm:^5.1.0"
    cssom: "npm:^0.5.0"
    html-escaper: "npm:^3.0.3"
    htmlparser2: "npm:^10.0.0"
    uhyphen: "npm:^0.2.0"
  peerDependencies:
    canvas: ">= 2"
  peerDependenciesMeta:
    canvas:
      optional: true
  checksum: 10c0/d7e4f9f40e02da81effa4d462a1ea9e23c0ed2d478aa2f0a96279cf2b51b77e3e637d074c9d5d92877816ab9f4c098bcf5151c8ceb82855b60e9dbba2f91b143
  languageName: node
  linkType: hard

"nth-check@npm:^2.0.1":
  version: 2.1.1
  resolution: "nth-check@npm:2.1.1"
  dependencies:
    boolbase: "npm:^1.0.0"
  checksum: 10c0/5fee7ff309727763689cfad844d979aedd2204a817fbaaf0e1603794a7c20db28548d7b024692f953557df6ce4a0ee4ae46cd8ebd9b36cfb300b9226b567c479
  languageName: node
  linkType: hard

"turndown@npm:^7.2.2":
  version: 7.2.2
  resolution: "turndown@npm:7.2.2"
  dependencies:
    "@mixmark-io/domino": "npm:^2.2.0"
  checksum: 10c0/ee09f7bd67c468505aad6c3a26b11269ca49ffce07eaa9c212926d068f242b11b4e955b31a58289f26674ff29f91209b29454907551dcaec7da712e524cc78c2
  languageName: node
  linkType: hard

"typescript@npm:^5.9.3":
  version: 5.9.3
  resolution: "typescript@npm:5.9.3"
  bin:
    tsc: bin/tsc
    tsserver: bin/tsserver
  checksum: 10c0/6bd7552ce39f97e711db5aa048f6f9995b53f1c52f7d8667c1abdc1700c68a76a308f579cd309ce6b53646deb4e9a1be7c813a93baaf0a28ccd536a30270e1c5
  languageName: node
  linkType: hard

"typescript@patch:typescript@npm%3A^5.9.3#optional!builtin<compat/typescript>":
  version: 5.9.3
  resolution: "typescript@patch:typescript@npm%3A5.9.3#optional!builtin<compat/typescript>::version=5.9.3&hash=5786d5"
  bin:
    tsc: bin/tsc
    tsserver: bin/tsserver
  checksum: 10c0/ad09fdf7a756814dce65bc60c1657b40d44451346858eea230e10f2e95a289d9183b6e32e5c11e95acc0ccc214b4f36289dcad4bf1886b0adb84d711d336a430
  languageName: node
  linkType: hard

"uhyphen@npm:^0.2.0":
  version: 0.2.0
  resolution: "uhyphen@npm:0.2.0"
  checksum: 10c0/1e7129fe7a5c86445d1adf04d5c58913b5992e4899ea5553d9ddf6e7ef88af0f807a47f1bf9673b92f705276e5cf1b2c1d3852f1ab5d08ecac3382bcc3a642f9
  languageName: node
  linkType: hard

"undici-types@npm:~7.16.0":
  version: 7.16.0
  resolution: "undici-types@npm:7.16.0"
  checksum: 10c0/3033e2f2b5c9f1504bdc5934646cb54e37ecaca0f9249c983f7b1fc2e87c6d18399ebb05dc7fd5419e02b2e915f734d872a65da2e3eeed1813951c427d33cc9a
  languageName: node
  linkType: hard

"universalify@npm:^2.0.0":
  version: 2.0.1
  resolution: "universalify@npm:2.0.1"
  checksum: 10c0/73e8ee3809041ca8b818efb141801a1004e3fc0002727f1531f4de613ea281b494a40909596dae4a042a4fb6cd385af5d4db2e137b1362e0e91384b828effd3a
  languageName: node
  linkType: hard
